{
  "version": 4,
  "terraform_version": "1.13.4",
  "serial": 205,
  "lineage": "7ceffcff-2f14-e61c-eecb-e1b5c81aac90",
  "outputs": {
    "dev_alb_dns_name": {
      "value": "examforge-dev-alb-861194224.ap-northeast-2.elb.amazonaws.com",
      "type": "string"
    },
    "dev_ecr_repository_url": {
      "value": "140023399909.dkr.ecr.ap-northeast-2.amazonaws.com/examforge/dev-repo",
      "type": "string"
    },
    "dev_role_arn": {
      "value": "arn:aws:iam::140023399909:role/github-actions-dev-deployer-role",
      "type": "string"
    },
    "github_actions_dev_role_arn": {
      "value": "arn:aws:iam::140023399909:role/github-actions-dev-deployer-role",
      "type": "string"
    },
    "github_actions_prd_role_arn": {
      "value": "arn:aws:iam::140023399909:role/github-actions-prd-deployer-role",
      "type": "string"
    },
    "prd_alb_dns_name": {
      "value": "",
      "type": "string"
    },
    "prd_ecr_repository_url": {
      "value": "",
      "type": "string"
    },
    "prd_role_arn": {
      "value": "arn:aws:iam::140023399909:role/github-actions-prd-deployer-role",
      "type": "string"
    },
    "static_site_website_endpoint": {
      "value": "examforge-frontend-dev.s3-website.ap-northeast-2.amazonaws.com",
      "type": "string"
    }
  },
  "resources": [
    {
      "mode": "data",
      "type": "aws_caller_identity",
      "name": "current",
      "provider": "provider[\"registry.terraform.io/hashicorp/aws\"]",
      "instances": [
        {
          "schema_version": 0,
          "attributes": {
            "account_id": "140023399909",
            "arn": "arn:aws:sts::140023399909:assumed-role/user-Role/i-00db3f03b9f651521",
            "id": "140023399909",
            "user_id": "AROASBGQLQXS77PYCROLI:i-00db3f03b9f651521"
          },
          "sensitive_attributes": [],
          "identity_schema_version": 0
        }
      ]
    },
    {
      "mode": "data",
      "type": "aws_iam_openid_connect_provider",
      "name": "github",
      "provider": "provider[\"registry.terraform.io/hashicorp/aws\"]",
      "instances": [
        {
          "schema_version": 0,
          "attributes": {
            "arn": "arn:aws:iam::140023399909:oidc-provider/token.actions.githubusercontent.com",
            "client_id_list": [
              "sts.amazonaws.com"
            ],
            "id": "arn:aws:iam::140023399909:oidc-provider/token.actions.githubusercontent.com",
            "tags": {},
            "thumbprint_list": [
              "2b18947a6a9fc7764fd8b5fb18a863b0c6dac24f"
            ],
            "url": "token.actions.githubusercontent.com"
          },
          "sensitive_attributes": [],
          "identity_schema_version": 0
        }
      ]
    },
    {
      "mode": "data",
      "type": "aws_iam_policy_document",
      "name": "github_assume_role_policy",
      "provider": "provider[\"registry.terraform.io/hashicorp/aws\"]",
      "instances": [
        {
          "schema_version": 0,
          "attributes": {
            "id": "1517769008",
            "json": "{\n  \"Version\": \"2012-10-17\",\n  \"Statement\": [\n    {\n      \"Effect\": \"Allow\",\n      \"Action\": \"sts:AssumeRoleWithWebIdentity\",\n      \"Principal\": {\n        \"Federated\": \"arn:aws:iam::140023399909:oidc-provider/token.actions.githubusercontent.com\"\n      },\n      \"Condition\": {\n        \"StringEquals\": {\n          \"token.actions.githubusercontent.com:aud\": \"sts.amazonaws.com\"\n        }\n      }\n    }\n  ]\n}",
            "minified_json": "{\"Version\":\"2012-10-17\",\"Statement\":[{\"Effect\":\"Allow\",\"Action\":\"sts:AssumeRoleWithWebIdentity\",\"Principal\":{\"Federated\":\"arn:aws:iam::140023399909:oidc-provider/token.actions.githubusercontent.com\"},\"Condition\":{\"StringEquals\":{\"token.actions.githubusercontent.com:aud\":\"sts.amazonaws.com\"}}}]}",
            "override_json": null,
            "override_policy_documents": null,
            "policy_id": null,
            "source_json": null,
            "source_policy_documents": null,
            "statement": [
              {
                "actions": [
                  "sts:AssumeRoleWithWebIdentity"
                ],
                "condition": [
                  {
                    "test": "StringEquals",
                    "values": [
                      "sts.amazonaws.com"
                    ],
                    "variable": "token.actions.githubusercontent.com:aud"
                  }
                ],
                "effect": "Allow",
                "not_actions": [],
                "not_principals": [],
                "not_resources": [],
                "principals": [
                  {
                    "identifiers": [
                      "arn:aws:iam::140023399909:oidc-provider/token.actions.githubusercontent.com"
                    ],
                    "type": "Federated"
                  }
                ],
                "resources": [],
                "sid": ""
              }
            ],
            "version": "2012-10-17"
          },
          "sensitive_attributes": [],
          "identity_schema_version": 0
        }
      ]
    },
    {
      "mode": "data",
      "type": "aws_region",
      "name": "current",
      "provider": "provider[\"registry.terraform.io/hashicorp/aws\"]",
      "instances": [
        {
          "schema_version": 0,
          "attributes": {
            "description": "Asia Pacific (Seoul)",
            "endpoint": "ec2.ap-northeast-2.amazonaws.com",
            "id": "ap-northeast-2",
            "name": "ap-northeast-2"
          },
          "sensitive_attributes": [],
          "identity_schema_version": 0
        }
      ]
    },
    {
      "mode": "managed",
      "type": "aws_dynamodb_table",
      "name": "user_data_dev",
      "provider": "provider[\"registry.terraform.io/hashicorp/aws\"]",
      "instances": [
        {
          "index_key": 0,
          "schema_version": 1,
          "attributes": {
            "arn": "arn:aws:dynamodb:ap-northeast-2:140023399909:table/User-Data-Dev",
            "attribute": [
              {
                "name": "UserID",
                "type": "S"
              }
            ],
            "billing_mode": "PAY_PER_REQUEST",
            "deletion_protection_enabled": false,
            "global_secondary_index": [],
            "hash_key": "UserID",
            "id": "User-Data-Dev",
            "import_table": [],
            "local_secondary_index": [],
            "name": "User-Data-Dev",
            "on_demand_throughput": [],
            "point_in_time_recovery": [
              {
                "enabled": false,
                "recovery_period_in_days": 0
              }
            ],
            "range_key": null,
            "read_capacity": 0,
            "replica": [],
            "restore_date_time": null,
            "restore_source_name": null,
            "restore_source_table_arn": null,
            "restore_to_latest_time": null,
            "server_side_encryption": [],
            "stream_arn": "",
            "stream_enabled": false,
            "stream_label": "",
            "stream_view_type": "",
            "table_class": "STANDARD",
            "tags": {
              "Environment": "dev"
            },
            "tags_all": {
              "Environment": "dev"
            },
            "timeouts": null,
            "ttl": [
              {
                "attribute_name": "",
                "enabled": false
              }
            ],
            "write_capacity": 0
          },
          "sensitive_attributes": [],
          "identity_schema_version": 0,
          "private": "eyJlMmJmYjczMC1lY2FhLTExZTYtOGY4OC0zNDM2M2JjN2M0YzAiOnsiY3JlYXRlIjoxODAwMDAwMDAwMDAwLCJkZWxldGUiOjYwMDAwMDAwMDAwMCwidXBkYXRlIjozNjAwMDAwMDAwMDAwfSwic2NoZW1hX3ZlcnNpb24iOiIxIn0="
        }
      ]
    },
    {
      "mode": "managed",
      "type": "aws_dynamodb_table",
      "name": "user_data_prd",
      "provider": "provider[\"registry.terraform.io/hashicorp/aws\"]",
      "instances": []
    },
    {
      "mode": "managed",
      "type": "aws_iam_policy",
      "name": "ecs_dynamodb_access",
      "provider": "provider[\"registry.terraform.io/hashicorp/aws\"]",
      "instances": [
        {
          "schema_version": 0,
          "attributes": {
            "arn": "arn:aws:iam::140023399909:policy/ECSDynamoDBAccessPolicy-ExamForge",
            "attachment_count": 1,
            "description": "Allows ECS Tasks to read/write to specific DynamoDB tables",
            "id": "arn:aws:iam::140023399909:policy/ECSDynamoDBAccessPolicy-ExamForge",
            "name": "ECSDynamoDBAccessPolicy-ExamForge",
            "name_prefix": "",
            "path": "/",
            "policy": "{\"Statement\":[{\"Action\":[\"dynamodb:BatchGetItem\",\"dynamodb:BatchWriteItem\",\"dynamodb:PutItem\",\"dynamodb:DeleteItem\",\"dynamodb:GetItem\",\"dynamodb:Scan\",\"dynamodb:Query\",\"dynamodb:UpdateItem\"],\"Effect\":\"Allow\",\"Resource\":[\"arn:aws:dynamodb:ap-northeast-2:140023399909:table/User-Data-Dev\"]},{\"Action\":\"dynamodb:DescribeTable\",\"Effect\":\"Allow\",\"Resource\":[\"arn:aws:dynamodb:ap-northeast-2:140023399909:table/User-Data-Dev\"]}],\"Version\":\"2012-10-17\"}",
            "policy_id": "ANPASBGQLQXS6TOCKB6ZA",
            "tags": {},
            "tags_all": {}
          },
          "sensitive_attributes": [],
          "identity_schema_version": 0,
          "private": "bnVsbA==",
          "dependencies": [
            "aws_dynamodb_table.user_data_dev",
            "aws_dynamodb_table.user_data_prd"
          ]
        }
      ]
    },
    {
      "mode": "managed",
      "type": "aws_iam_role",
      "name": "dev_ecs_task_role",
      "provider": "provider[\"registry.terraform.io/hashicorp/aws\"]",
      "instances": [
        {
          "schema_version": 0,
          "attributes": {
            "arn": "arn:aws:iam::140023399909:role/dev-ecs-task-role",
            "assume_role_policy": "{\"Statement\":[{\"Action\":\"sts:AssumeRole\",\"Effect\":\"Allow\",\"Principal\":{\"Service\":\"ecs-tasks.amazonaws.com\"}}],\"Version\":\"2012-10-17\"}",
            "create_date": "2025-10-30T10:34:08Z",
            "description": "",
            "force_detach_policies": false,
            "id": "dev-ecs-task-role",
            "inline_policy": [],
            "managed_policy_arns": [
              "arn:aws:iam::140023399909:policy/ECSDynamoDBAccessPolicy",
              "arn:aws:iam::140023399909:policy/ECSDynamoDBAccessPolicy-ExamForge"
            ],
            "max_session_duration": 3600,
            "name": "dev-ecs-task-role",
            "name_prefix": "",
            "path": "/",
            "permissions_boundary": "",
            "tags": {},
            "tags_all": {},
            "unique_id": "AROASBGQLQXSYAY6VSODZ"
          },
          "sensitive_attributes": [],
          "identity_schema_version": 0,
          "private": "eyJzY2hlbWFfdmVyc2lvbiI6IjAifQ=="
        }
      ]
    },
    {
      "mode": "managed",
      "type": "aws_iam_role",
      "name": "github_actions_dev_role",
      "provider": "provider[\"registry.terraform.io/hashicorp/aws\"]",
      "instances": [
        {
          "schema_version": 0,
          "attributes": {
            "arn": "arn:aws:iam::140023399909:role/github-actions-dev-deployer-role",
            "assume_role_policy": "{\"Statement\":[{\"Action\":\"sts:AssumeRoleWithWebIdentity\",\"Condition\":{\"StringEquals\":{\"token.actions.githubusercontent.com:aud\":\"sts.amazonaws.com\"},\"StringLike\":{\"token.actions.githubusercontent.com:sub\":\"repo:csjang94-dev/examforge-gjjang:ref:refs/heads/dev\"}},\"Effect\":\"Allow\",\"Principal\":{\"Federated\":\"arn:aws:iam::140023399909:oidc-provider/token.actions.githubusercontent.com\"}}],\"Version\":\"2012-10-17\"}",
            "create_date": "2025-11-01T08:50:34Z",
            "description": "",
            "force_detach_policies": false,
            "id": "github-actions-dev-deployer-role",
            "inline_policy": [],
            "managed_policy_arns": [
              "arn:aws:iam::aws:policy/AmazonEC2ContainerRegistryPowerUser",
              "arn:aws:iam::aws:policy/AmazonECS_FullAccess"
            ],
            "max_session_duration": 3600,
            "name": "github-actions-dev-deployer-role",
            "name_prefix": "",
            "path": "/",
            "permissions_boundary": "",
            "tags": {},
            "tags_all": {},
            "unique_id": "AROASBGQLQXSS43SC5UQG"
          },
          "sensitive_attributes": [],
          "identity_schema_version": 0,
          "private": "bnVsbA==",
          "dependencies": [
            "data.aws_caller_identity.current",
            "data.aws_iam_openid_connect_provider.github",
            "data.aws_iam_policy_document.github_assume_role_policy"
          ]
        }
      ]
    },
    {
      "mode": "managed",
      "type": "aws_iam_role",
      "name": "github_actions_prd_role",
      "provider": "provider[\"registry.terraform.io/hashicorp/aws\"]",
      "instances": [
        {
          "schema_version": 0,
          "attributes": {
            "arn": "arn:aws:iam::140023399909:role/github-actions-prd-deployer-role",
            "assume_role_policy": "{\"Statement\":[{\"Action\":\"sts:AssumeRoleWithWebIdentity\",\"Condition\":{\"StringEquals\":{\"token.actions.githubusercontent.com:aud\":\"sts.amazonaws.com\"},\"StringLike\":{\"token.actions.githubusercontent.com:sub\":\"repo:csjang94-dev/examforge-gjjang:ref:refs/heads/prd\"}},\"Effect\":\"Allow\",\"Principal\":{\"Federated\":\"arn:aws:iam::140023399909:oidc-provider/token.actions.githubusercontent.com\"}}],\"Version\":\"2012-10-17\"}",
            "create_date": "2025-11-01T08:50:34Z",
            "description": "",
            "force_detach_policies": false,
            "id": "github-actions-prd-deployer-role",
            "inline_policy": [],
            "managed_policy_arns": [
              "arn:aws:iam::aws:policy/AmazonEC2ContainerRegistryPowerUser",
              "arn:aws:iam::aws:policy/AmazonECS_FullAccess"
            ],
            "max_session_duration": 3600,
            "name": "github-actions-prd-deployer-role",
            "name_prefix": "",
            "path": "/",
            "permissions_boundary": "",
            "tags": {},
            "tags_all": {},
            "unique_id": "AROASBGQLQXSR6NVBYJ27"
          },
          "sensitive_attributes": [],
          "identity_schema_version": 0,
          "private": "bnVsbA==",
          "dependencies": [
            "data.aws_caller_identity.current",
            "data.aws_iam_openid_connect_provider.github",
            "data.aws_iam_policy_document.github_assume_role_policy"
          ]
        }
      ]
    },
    {
      "mode": "managed",
      "type": "aws_iam_role",
      "name": "prd_ecs_task_role",
      "provider": "provider[\"registry.terraform.io/hashicorp/aws\"]",
      "instances": [
        {
          "schema_version": 0,
          "attributes": {
            "arn": "arn:aws:iam::140023399909:role/prd-ecs-task-role",
            "assume_role_policy": "{\"Statement\":[{\"Action\":\"sts:AssumeRole\",\"Effect\":\"Allow\",\"Principal\":{\"Service\":\"ecs-tasks.amazonaws.com\"}}],\"Version\":\"2012-10-17\"}",
            "create_date": "2025-10-30T10:34:08Z",
            "description": "",
            "force_detach_policies": false,
            "id": "prd-ecs-task-role",
            "inline_policy": [],
            "managed_policy_arns": [
              "arn:aws:iam::140023399909:policy/ECSDynamoDBAccessPolicy"
            ],
            "max_session_duration": 3600,
            "name": "prd-ecs-task-role",
            "name_prefix": "",
            "path": "/",
            "permissions_boundary": "",
            "tags": {},
            "tags_all": {},
            "unique_id": "AROASBGQLQXS2YIVCV6XN"
          },
          "sensitive_attributes": [],
          "identity_schema_version": 0,
          "private": "eyJzY2hlbWFfdmVyc2lvbiI6IjAifQ=="
        }
      ]
    },
    {
      "mode": "managed",
      "type": "aws_iam_role_policy_attachment",
      "name": "dev_dynamodb_attach",
      "provider": "provider[\"registry.terraform.io/hashicorp/aws\"]",
      "instances": [
        {
          "schema_version": 0,
          "attributes": {
            "id": "dev-ecs-task-role-20251101123748181100000001",
            "policy_arn": "arn:aws:iam::140023399909:policy/ECSDynamoDBAccessPolicy-ExamForge",
            "role": "dev-ecs-task-role"
          },
          "sensitive_attributes": [],
          "identity_schema_version": 0,
          "private": "bnVsbA==",
          "dependencies": [
            "aws_dynamodb_table.user_data_dev",
            "aws_dynamodb_table.user_data_prd",
            "aws_iam_policy.ecs_dynamodb_access",
            "aws_iam_role.dev_ecs_task_role"
          ]
        }
      ]
    },
    {
      "mode": "managed",
      "type": "aws_iam_role_policy_attachment",
      "name": "dev_ecr",
      "provider": "provider[\"registry.terraform.io/hashicorp/aws\"]",
      "instances": [
        {
          "schema_version": 0,
          "attributes": {
            "id": "github-actions-dev-deployer-role-20251101085035475600000003",
            "policy_arn": "arn:aws:iam::aws:policy/AmazonEC2ContainerRegistryPowerUser",
            "role": "github-actions-dev-deployer-role"
          },
          "sensitive_attributes": [],
          "identity_schema_version": 0,
          "private": "bnVsbA==",
          "dependencies": [
            "aws_iam_role.github_actions_dev_role",
            "data.aws_caller_identity.current",
            "data.aws_iam_openid_connect_provider.github",
            "data.aws_iam_policy_document.github_assume_role_policy"
          ]
        }
      ]
    },
    {
      "mode": "managed",
      "type": "aws_iam_role_policy_attachment",
      "name": "dev_ecs",
      "provider": "provider[\"registry.terraform.io/hashicorp/aws\"]",
      "instances": [
        {
          "schema_version": 0,
          "attributes": {
            "id": "github-actions-dev-deployer-role-20251101085035539800000004",
            "policy_arn": "arn:aws:iam::aws:policy/AmazonECS_FullAccess",
            "role": "github-actions-dev-deployer-role"
          },
          "sensitive_attributes": [],
          "identity_schema_version": 0,
          "private": "bnVsbA==",
          "dependencies": [
            "aws_iam_role.github_actions_dev_role",
            "data.aws_caller_identity.current",
            "data.aws_iam_openid_connect_provider.github",
            "data.aws_iam_policy_document.github_assume_role_policy"
          ]
        }
      ]
    },
    {
      "mode": "managed",
      "type": "aws_iam_role_policy_attachment",
      "name": "prd_dynamodb_attach",
      "provider": "provider[\"registry.terraform.io/hashicorp/aws\"]",
      "instances": []
    },
    {
      "mode": "managed",
      "type": "aws_iam_role_policy_attachment",
      "name": "prd_ecr",
      "provider": "provider[\"registry.terraform.io/hashicorp/aws\"]",
      "instances": [
        {
          "schema_version": 0,
          "attributes": {
            "id": "github-actions-prd-deployer-role-20251101085035817800000006",
            "policy_arn": "arn:aws:iam::aws:policy/AmazonEC2ContainerRegistryPowerUser",
            "role": "github-actions-prd-deployer-role"
          },
          "sensitive_attributes": [],
          "identity_schema_version": 0,
          "private": "bnVsbA==",
          "dependencies": [
            "aws_iam_role.github_actions_prd_role",
            "data.aws_caller_identity.current",
            "data.aws_iam_openid_connect_provider.github",
            "data.aws_iam_policy_document.github_assume_role_policy"
          ]
        }
      ]
    },
    {
      "mode": "managed",
      "type": "aws_iam_role_policy_attachment",
      "name": "prd_ecs",
      "provider": "provider[\"registry.terraform.io/hashicorp/aws\"]",
      "instances": [
        {
          "schema_version": 0,
          "attributes": {
            "id": "github-actions-prd-deployer-role-20251101085035791200000005",
            "policy_arn": "arn:aws:iam::aws:policy/AmazonECS_FullAccess",
            "role": "github-actions-prd-deployer-role"
          },
          "sensitive_attributes": [],
          "identity_schema_version": 0,
          "private": "bnVsbA==",
          "dependencies": [
            "aws_iam_role.github_actions_prd_role",
            "data.aws_caller_identity.current",
            "data.aws_iam_openid_connect_provider.github",
            "data.aws_iam_policy_document.github_assume_role_policy"
          ]
        }
      ]
    },
    {
      "mode": "managed",
      "type": "aws_vpc_endpoint",
      "name": "dynamodb",
      "provider": "provider[\"registry.terraform.io/hashicorp/aws\"]",
      "instances": [
        {
          "index_key": 0,
          "schema_version": 0,
          "attributes": {
            "arn": "arn:aws:ec2:ap-northeast-2:140023399909:vpc-endpoint/vpce-08f10fdd93d5dc223",
            "auto_accept": null,
            "cidr_blocks": [
              "35.71.109.0/24",
              "52.94.6.0/24"
            ],
            "dns_entry": [],
            "dns_options": [],
            "id": "vpce-08f10fdd93d5dc223",
            "ip_address_type": "",
            "network_interface_ids": [],
            "owner_id": "140023399909",
            "policy": "{\"Statement\":[{\"Action\":\"*\",\"Effect\":\"Allow\",\"Principal\":\"*\",\"Resource\":\"*\"}],\"Version\":\"2008-10-17\"}",
            "prefix_list_id": "pl-48a54021",
            "private_dns_enabled": false,
            "requester_managed": false,
            "resource_configuration_arn": "",
            "route_table_ids": [
              "rtb-019a6133665132ea5",
              "rtb-0ddd0383b5b457636"
            ],
            "security_group_ids": [],
            "service_name": "com.amazonaws.ap-northeast-2.dynamodb",
            "service_network_arn": "",
            "service_region": "ap-northeast-2",
            "state": "available",
            "subnet_configuration": [],
            "subnet_ids": [],
            "tags": {
              "Name": "DynamoDB-VPC-Endpoint-vpc-04822ca6ec54f7c38"
            },
            "tags_all": {
              "Name": "DynamoDB-VPC-Endpoint-vpc-04822ca6ec54f7c38"
            },
            "timeouts": null,
            "vpc_endpoint_type": "Gateway",
            "vpc_id": "vpc-04822ca6ec54f7c38"
          },
          "sensitive_attributes": [],
          "identity_schema_version": 0,
          "private": "eyJlMmJmYjczMC1lY2FhLTExZTYtOGY4OC0zNDM2M2JjN2M0YzAiOnsiY3JlYXRlIjo2MDAwMDAwMDAwMDAsImRlbGV0ZSI6NjAwMDAwMDAwMDAwLCJ1cGRhdGUiOjYwMDAwMDAwMDAwMH19",
          "dependencies": [
            "data.aws_region.current",
            "module.dev_vpc.aws_eip.nat",
            "module.dev_vpc.aws_internet_gateway.gw",
            "module.dev_vpc.aws_nat_gateway.nat",
            "module.dev_vpc.aws_route_table.private",
            "module.dev_vpc.aws_route_table.public",
            "module.dev_vpc.aws_route_table_association.private",
            "module.dev_vpc.aws_route_table_association.public",
            "module.dev_vpc.aws_subnet.private",
            "module.dev_vpc.aws_subnet.public",
            "module.dev_vpc.aws_vpc.main",
            "module.prd_vpc.aws_eip.nat",
            "module.prd_vpc.aws_internet_gateway.gw",
            "module.prd_vpc.aws_nat_gateway.nat",
            "module.prd_vpc.aws_route_table.private",
            "module.prd_vpc.aws_route_table.public",
            "module.prd_vpc.aws_route_table_association.private",
            "module.prd_vpc.aws_route_table_association.public",
            "module.prd_vpc.aws_subnet.private",
            "module.prd_vpc.aws_subnet.public",
            "module.prd_vpc.aws_vpc.main"
          ]
        }
      ]
    },
    {
      "module": "module.dev_ecs[0]",
      "mode": "data",
      "type": "aws_region",
      "name": "current",
      "provider": "provider[\"registry.terraform.io/hashicorp/aws\"]",
      "instances": [
        {
          "schema_version": 0,
          "attributes": {
            "description": "Asia Pacific (Seoul)",
            "endpoint": "ec2.ap-northeast-2.amazonaws.com",
            "id": "ap-northeast-2",
            "name": "ap-northeast-2"
          },
          "sensitive_attributes": [],
          "identity_schema_version": 0
        }
      ]
    },
    {
      "module": "module.dev_ecs[0]",
      "mode": "managed",
      "type": "aws_cloudwatch_log_group",
      "name": "ecs_logs",
      "provider": "provider[\"registry.terraform.io/hashicorp/aws\"]",
      "instances": [
        {
          "schema_version": 0,
          "attributes": {
            "arn": "arn:aws:logs:ap-northeast-2:140023399909:log-group:/ecs/examforge-dev",
            "id": "/ecs/examforge-dev",
            "kms_key_id": "",
            "log_group_class": "STANDARD",
            "name": "/ecs/examforge-dev",
            "name_prefix": "",
            "retention_in_days": 7,
            "skip_destroy": false,
            "tags": {
              "Environment": "dev"
            },
            "tags_all": {
              "Environment": "dev"
            }
          },
          "sensitive_attributes": [],
          "identity_schema_version": 0,
          "private": "bnVsbA=="
        }
      ]
    },
    {
      "module": "module.dev_ecs[0]",
      "mode": "managed",
      "type": "aws_ecr_repository",
      "name": "app_repo",
      "provider": "provider[\"registry.terraform.io/hashicorp/aws\"]",
      "instances": [
        {
          "schema_version": 0,
          "attributes": {
            "arn": "arn:aws:ecr:ap-northeast-2:140023399909:repository/examforge/dev-repo",
            "encryption_configuration": [
              {
                "encryption_type": "AES256",
                "kms_key": ""
              }
            ],
            "force_delete": null,
            "id": "examforge/dev-repo",
            "image_scanning_configuration": [
              {
                "scan_on_push": false
              }
            ],
            "image_tag_mutability": "MUTABLE",
            "name": "examforge/dev-repo",
            "registry_id": "140023399909",
            "repository_url": "140023399909.dkr.ecr.ap-northeast-2.amazonaws.com/examforge/dev-repo",
            "tags": {
              "Environment": "dev"
            },
            "tags_all": {
              "Environment": "dev"
            },
            "timeouts": null
          },
          "sensitive_attributes": [],
          "identity_schema_version": 0,
          "private": "eyJlMmJmYjczMC1lY2FhLTExZTYtOGY4OC0zNDM2M2JjN2M0YzAiOnsiZGVsZXRlIjoxMjAwMDAwMDAwMDAwfSwic2NoZW1hX3ZlcnNpb24iOiIwIn0="
        }
      ]
    },
    {
      "module": "module.dev_ecs[0]",
      "mode": "managed",
      "type": "aws_ecs_cluster",
      "name": "main",
      "provider": "provider[\"registry.terraform.io/hashicorp/aws\"]",
      "instances": [
        {
          "schema_version": 0,
          "attributes": {
            "arn": "arn:aws:ecs:ap-northeast-2:140023399909:cluster/examforge-dev-cluster",
            "configuration": [],
            "id": "arn:aws:ecs:ap-northeast-2:140023399909:cluster/examforge-dev-cluster",
            "name": "examforge-dev-cluster",
            "service_connect_defaults": [],
            "setting": [
              {
                "name": "containerInsights",
                "value": "disabled"
              }
            ],
            "tags": {
              "Environment": "dev"
            },
            "tags_all": {
              "Environment": "dev"
            }
          },
          "sensitive_attributes": [],
          "identity_schema_version": 0,
          "private": "bnVsbA=="
        }
      ]
    },
    {
      "module": "module.dev_ecs[0]",
      "mode": "managed",
      "type": "aws_ecs_service",
      "name": "app",
      "provider": "provider[\"registry.terraform.io/hashicorp/aws\"]",
      "instances": [
        {
          "schema_version": 1,
          "attributes": {
            "alarms": [],
            "availability_zone_rebalancing": "DISABLED",
            "capacity_provider_strategy": [],
            "cluster": "arn:aws:ecs:ap-northeast-2:140023399909:cluster/examforge-dev-cluster",
            "deployment_circuit_breaker": [
              {
                "enable": false,
                "rollback": false
              }
            ],
            "deployment_controller": [
              {
                "type": "ECS"
              }
            ],
            "deployment_maximum_percent": 200,
            "deployment_minimum_healthy_percent": 100,
            "desired_count": 2,
            "enable_ecs_managed_tags": false,
            "enable_execute_command": false,
            "force_delete": null,
            "force_new_deployment": null,
            "health_check_grace_period_seconds": 0,
            "iam_role": "/aws-service-role/ecs.amazonaws.com/AWSServiceRoleForECS",
            "id": "arn:aws:ecs:ap-northeast-2:140023399909:service/examforge-dev-cluster/examforge-dev-service",
            "launch_type": "FARGATE",
            "load_balancer": [
              {
                "container_name": "app-container",
                "container_port": 3000,
                "elb_name": "",
                "target_group_arn": "arn:aws:elasticloadbalancing:ap-northeast-2:140023399909:targetgroup/examforge-dev-tg/df9d00b2df9cb54e"
              }
            ],
            "name": "examforge-dev-service",
            "network_configuration": [
              {
                "assign_public_ip": false,
                "security_groups": [
                  "sg-06b84d77d628424e4"
                ],
                "subnets": [
                  "subnet-066201e844089b2b7",
                  "subnet-0f53c522448a085eb"
                ]
              }
            ],
            "ordered_placement_strategy": [],
            "placement_constraints": [],
            "platform_version": "LATEST",
            "propagate_tags": "NONE",
            "scheduling_strategy": "REPLICA",
            "service_connect_configuration": [],
            "service_registries": [],
            "tags": {},
            "tags_all": {},
            "task_definition": "arn:aws:ecs:ap-northeast-2:140023399909:task-definition/examforge-dev-task:2",
            "timeouts": null,
            "triggers": {},
            "volume_configuration": [],
            "vpc_lattice_configurations": [],
            "wait_for_steady_state": false
          },
          "sensitive_attributes": [],
          "identity_schema_version": 0,
          "private": "eyJlMmJmYjczMC1lY2FhLTExZTYtOGY4OC0zNDM2M2JjN2M0YzAiOnsiY3JlYXRlIjoxMjAwMDAwMDAwMDAwLCJkZWxldGUiOjEyMDAwMDAwMDAwMDAsInVwZGF0ZSI6MTIwMDAwMDAwMDAwMH0sInNjaGVtYV92ZXJzaW9uIjoiMSJ9",
          "dependencies": [
            "aws_iam_role.dev_ecs_task_role",
            "module.dev_ecs.aws_cloudwatch_log_group.ecs_logs",
            "module.dev_ecs.aws_ecr_repository.app_repo",
            "module.dev_ecs.aws_ecs_cluster.main",
            "module.dev_ecs.aws_ecs_task_definition.app",
            "module.dev_ecs.aws_iam_role.ecs_task_execution_role",
            "module.dev_ecs.aws_lb.main",
            "module.dev_ecs.aws_lb_listener.https",
            "module.dev_ecs.aws_lb_target_group.app",
            "module.dev_ecs.aws_security_group.alb",
            "module.dev_ecs.aws_security_group.ecs_service",
            "module.dev_ecs.data.aws_region.current",
            "module.dev_vpc.aws_subnet.private",
            "module.dev_vpc.aws_subnet.public",
            "module.dev_vpc.aws_vpc.main"
          ]
        }
      ]
    },
    {
      "module": "module.dev_ecs[0]",
      "mode": "managed",
      "type": "aws_iam_role",
      "name": "ecs_task_execution_role",
      "provider": "provider[\"registry.terraform.io/hashicorp/aws\"]",
      "instances": [
        {
          "schema_version": 0,
          "attributes": {
            "arn": "arn:aws:iam::140023399909:role/examforge-dev-ecs-exec-role",
            "assume_role_policy": "{\"Statement\":[{\"Action\":\"sts:AssumeRole\",\"Effect\":\"Allow\",\"Principal\":{\"Service\":\"ecs-tasks.amazonaws.com\"}}],\"Version\":\"2012-10-17\"}",
            "create_date": "2025-11-01T10:29:17Z",
            "description": "",
            "force_detach_policies": false,
            "id": "examforge-dev-ecs-exec-role",
            "inline_policy": [],
            "managed_policy_arns": [
              "arn:aws:iam::aws:policy/service-role/AmazonECSTaskExecutionRolePolicy"
            ],
            "max_session_duration": 3600,
            "name": "examforge-dev-ecs-exec-role",
            "name_prefix": "",
            "path": "/",
            "permissions_boundary": "",
            "tags": {},
            "tags_all": {},
            "unique_id": "AROASBGQLQXSYZ5INLFPB"
          },
          "sensitive_attributes": [],
          "identity_schema_version": 0,
          "private": "bnVsbA=="
        }
      ]
    },
    {
      "module": "module.dev_ecs[0]",
      "mode": "managed",
      "type": "aws_iam_role_policy_attachment",
      "name": "ecs_task_execution_policy",
      "provider": "provider[\"registry.terraform.io/hashicorp/aws\"]",
      "instances": [
        {
          "schema_version": 0,
          "attributes": {
            "id": "examforge-dev-ecs-exec-role-20251101102918365000000001",
            "policy_arn": "arn:aws:iam::aws:policy/service-role/AmazonECSTaskExecutionRolePolicy",
            "role": "examforge-dev-ecs-exec-role"
          },
          "sensitive_attributes": [],
          "identity_schema_version": 0,
          "private": "bnVsbA==",
          "dependencies": [
            "module.dev_ecs.aws_iam_role.ecs_task_execution_role"
          ]
        }
      ]
    },
    {
      "module": "module.dev_ecs[0]",
      "mode": "managed",
      "type": "aws_lb",
      "name": "main",
      "provider": "provider[\"registry.terraform.io/hashicorp/aws\"]",
      "instances": [
        {
          "schema_version": 0,
          "attributes": {
            "access_logs": [
              {
                "bucket": "",
                "enabled": false,
                "prefix": ""
              }
            ],
            "arn": "arn:aws:elasticloadbalancing:ap-northeast-2:140023399909:loadbalancer/app/examforge-dev-alb/96baab7c52e693cd",
            "arn_suffix": "app/examforge-dev-alb/96baab7c52e693cd",
            "client_keep_alive": 3600,
            "connection_logs": [
              {
                "bucket": "",
                "enabled": false,
                "prefix": ""
              }
            ],
            "customer_owned_ipv4_pool": "",
            "desync_mitigation_mode": "defensive",
            "dns_name": "examforge-dev-alb-861194224.ap-northeast-2.elb.amazonaws.com",
            "dns_record_client_routing_policy": null,
            "drop_invalid_header_fields": false,
            "enable_cross_zone_load_balancing": true,
            "enable_deletion_protection": false,
            "enable_http2": true,
            "enable_tls_version_and_cipher_suite_headers": false,
            "enable_waf_fail_open": false,
            "enable_xff_client_port": false,
            "enable_zonal_shift": false,
            "enforce_security_group_inbound_rules_on_private_link_traffic": "",
            "id": "arn:aws:elasticloadbalancing:ap-northeast-2:140023399909:loadbalancer/app/examforge-dev-alb/96baab7c52e693cd",
            "idle_timeout": 60,
            "internal": false,
            "ip_address_type": "ipv4",
            "ipam_pools": [],
            "load_balancer_type": "application",
            "minimum_load_balancer_capacity": [],
            "name": "examforge-dev-alb",
            "name_prefix": "",
            "preserve_host_header": false,
            "security_groups": [
              "sg-053337e2e02201cd8"
            ],
            "subnet_mapping": [
              {
                "allocation_id": "",
                "ipv6_address": "",
                "outpost_id": "",
                "private_ipv4_address": "",
                "subnet_id": "subnet-031e8bdcf9c67afcd"
              },
              {
                "allocation_id": "",
                "ipv6_address": "",
                "outpost_id": "",
                "private_ipv4_address": "",
                "subnet_id": "subnet-0f9476096be92286f"
              }
            ],
            "subnets": [
              "subnet-031e8bdcf9c67afcd",
              "subnet-0f9476096be92286f"
            ],
            "tags": {
              "Environment": "dev"
            },
            "tags_all": {
              "Environment": "dev"
            },
            "timeouts": null,
            "vpc_id": "vpc-04822ca6ec54f7c38",
            "xff_header_processing_mode": "append",
            "zone_id": "ZWKZPGTI48KDX"
          },
          "sensitive_attributes": [],
          "identity_schema_version": 0,
          "private": "eyJlMmJmYjczMC1lY2FhLTExZTYtOGY4OC0zNDM2M2JjN2M0YzAiOnsiY3JlYXRlIjo2MDAwMDAwMDAwMDAsImRlbGV0ZSI6NjAwMDAwMDAwMDAwLCJ1cGRhdGUiOjYwMDAwMDAwMDAwMH19",
          "dependencies": [
            "module.dev_ecs.aws_security_group.alb",
            "module.dev_vpc.aws_subnet.public",
            "module.dev_vpc.aws_vpc.main"
          ]
        }
      ]
    },
    {
      "module": "module.dev_ecs[0]",
      "mode": "managed",
      "type": "aws_lb_listener",
      "name": "http",
      "provider": "provider[\"registry.terraform.io/hashicorp/aws\"]",
      "instances": [
        {
          "schema_version": 0,
          "attributes": {
            "alpn_policy": null,
            "arn": "arn:aws:elasticloadbalancing:ap-northeast-2:140023399909:listener/app/examforge-dev-alb/96baab7c52e693cd/0290282dcd5bb9be",
            "certificate_arn": null,
            "default_action": [
              {
                "authenticate_cognito": [],
                "authenticate_oidc": [],
                "fixed_response": [],
                "forward": [],
                "order": 1,
                "redirect": [
                  {
                    "host": "#{host}",
                    "path": "/#{path}",
                    "port": "443",
                    "protocol": "HTTPS",
                    "query": "#{query}",
                    "status_code": "HTTP_301"
                  }
                ],
                "target_group_arn": "",
                "type": "redirect"
              }
            ],
            "id": "arn:aws:elasticloadbalancing:ap-northeast-2:140023399909:listener/app/examforge-dev-alb/96baab7c52e693cd/0290282dcd5bb9be",
            "load_balancer_arn": "arn:aws:elasticloadbalancing:ap-northeast-2:140023399909:loadbalancer/app/examforge-dev-alb/96baab7c52e693cd",
            "mutual_authentication": [],
            "port": 80,
            "protocol": "HTTP",
            "routing_http_request_x_amzn_mtls_clientcert_header_name": null,
            "routing_http_request_x_amzn_mtls_clientcert_issuer_header_name": null,
            "routing_http_request_x_amzn_mtls_clientcert_leaf_header_name": null,
            "routing_http_request_x_amzn_mtls_clientcert_serial_number_header_name": null,
            "routing_http_request_x_amzn_mtls_clientcert_subject_header_name": null,
            "routing_http_request_x_amzn_mtls_clientcert_validity_header_name": null,
            "routing_http_request_x_amzn_tls_cipher_suite_header_name": null,
            "routing_http_request_x_amzn_tls_version_header_name": null,
            "routing_http_response_access_control_allow_credentials_header_value": "",
            "routing_http_response_access_control_allow_headers_header_value": "",
            "routing_http_response_access_control_allow_methods_header_value": "",
            "routing_http_response_access_control_allow_origin_header_value": "",
            "routing_http_response_access_control_expose_headers_header_value": "",
            "routing_http_response_access_control_max_age_header_value": "",
            "routing_http_response_content_security_policy_header_value": "",
            "routing_http_response_server_enabled": true,
            "routing_http_response_strict_transport_security_header_value": "",
            "routing_http_response_x_content_type_options_header_value": "",
            "routing_http_response_x_frame_options_header_value": "",
            "ssl_policy": "",
            "tags": {},
            "tags_all": {},
            "tcp_idle_timeout_seconds": null,
            "timeouts": null
          },
          "sensitive_attributes": [],
          "identity_schema_version": 0,
          "private": "eyJlMmJmYjczMC1lY2FhLTExZTYtOGY4OC0zNDM2M2JjN2M0YzAiOnsiY3JlYXRlIjozMDAwMDAwMDAwMDAsInVwZGF0ZSI6MzAwMDAwMDAwMDAwfX0=",
          "dependencies": [
            "module.dev_ecs.aws_lb.main",
            "module.dev_ecs.aws_security_group.alb",
            "module.dev_vpc.aws_subnet.public",
            "module.dev_vpc.aws_vpc.main"
          ]
        }
      ]
    },
    {
      "module": "module.dev_ecs[0]",
      "mode": "managed",
      "type": "aws_lb_listener",
      "name": "https",
      "provider": "provider[\"registry.terraform.io/hashicorp/aws\"]",
      "instances": [
        {
          "schema_version": 0,
          "attributes": {
            "alpn_policy": null,
            "arn": "arn:aws:elasticloadbalancing:ap-northeast-2:140023399909:listener/app/examforge-dev-alb/96baab7c52e693cd/28516920abdf3b0d",
            "certificate_arn": "arn:aws:acm:ap-northeast-2:140023399909:certificate/bfcf784f-d07a-49f7-ab6f-7e7e8edb7f62",
            "default_action": [
              {
                "authenticate_cognito": [],
                "authenticate_oidc": [],
                "fixed_response": [],
                "forward": [],
                "order": 1,
                "redirect": [],
                "target_group_arn": "arn:aws:elasticloadbalancing:ap-northeast-2:140023399909:targetgroup/examforge-dev-tg/df9d00b2df9cb54e",
                "type": "forward"
              }
            ],
            "id": "arn:aws:elasticloadbalancing:ap-northeast-2:140023399909:listener/app/examforge-dev-alb/96baab7c52e693cd/28516920abdf3b0d",
            "load_balancer_arn": "arn:aws:elasticloadbalancing:ap-northeast-2:140023399909:loadbalancer/app/examforge-dev-alb/96baab7c52e693cd",
            "mutual_authentication": [
              {
                "advertise_trust_store_ca_names": "",
                "ignore_client_certificate_expiry": false,
                "mode": "off",
                "trust_store_arn": ""
              }
            ],
            "port": 443,
            "protocol": "HTTPS",
            "routing_http_request_x_amzn_mtls_clientcert_header_name": "",
            "routing_http_request_x_amzn_mtls_clientcert_issuer_header_name": "",
            "routing_http_request_x_amzn_mtls_clientcert_leaf_header_name": "",
            "routing_http_request_x_amzn_mtls_clientcert_serial_number_header_name": "",
            "routing_http_request_x_amzn_mtls_clientcert_subject_header_name": "",
            "routing_http_request_x_amzn_mtls_clientcert_validity_header_name": "",
            "routing_http_request_x_amzn_tls_cipher_suite_header_name": "",
            "routing_http_request_x_amzn_tls_version_header_name": "",
            "routing_http_response_access_control_allow_credentials_header_value": "",
            "routing_http_response_access_control_allow_headers_header_value": "",
            "routing_http_response_access_control_allow_methods_header_value": "",
            "routing_http_response_access_control_allow_origin_header_value": "",
            "routing_http_response_access_control_expose_headers_header_value": "",
            "routing_http_response_access_control_max_age_header_value": "",
            "routing_http_response_content_security_policy_header_value": "",
            "routing_http_response_server_enabled": true,
            "routing_http_response_strict_transport_security_header_value": "",
            "routing_http_response_x_content_type_options_header_value": "",
            "routing_http_response_x_frame_options_header_value": "",
            "ssl_policy": "ELBSecurityPolicy-2016-08",
            "tags": {},
            "tags_all": {},
            "tcp_idle_timeout_seconds": null,
            "timeouts": null
          },
          "sensitive_attributes": [],
          "identity_schema_version": 0,
          "private": "eyJlMmJmYjczMC1lY2FhLTExZTYtOGY4OC0zNDM2M2JjN2M0YzAiOnsiY3JlYXRlIjozMDAwMDAwMDAwMDAsInVwZGF0ZSI6MzAwMDAwMDAwMDAwfX0=",
          "dependencies": [
            "module.dev_ecs.aws_lb.main",
            "module.dev_ecs.aws_lb_target_group.app",
            "module.dev_ecs.aws_security_group.alb",
            "module.dev_vpc.aws_subnet.public",
            "module.dev_vpc.aws_vpc.main"
          ]
        }
      ]
    },
    {
      "module": "module.dev_ecs[0]",
      "mode": "managed",
      "type": "aws_lb_target_group",
      "name": "app",
      "provider": "provider[\"registry.terraform.io/hashicorp/aws\"]",
      "instances": [
        {
          "schema_version": 0,
          "attributes": {
            "arn": "arn:aws:elasticloadbalancing:ap-northeast-2:140023399909:targetgroup/examforge-dev-tg/df9d00b2df9cb54e",
            "arn_suffix": "targetgroup/examforge-dev-tg/df9d00b2df9cb54e",
            "connection_termination": null,
            "deregistration_delay": "300",
            "health_check": [
              {
                "enabled": true,
                "healthy_threshold": 2,
                "interval": 30,
                "matcher": "200",
                "path": "/",
                "port": "traffic-port",
                "protocol": "HTTP",
                "timeout": 5,
                "unhealthy_threshold": 2
              }
            ],
            "id": "arn:aws:elasticloadbalancing:ap-northeast-2:140023399909:targetgroup/examforge-dev-tg/df9d00b2df9cb54e",
            "ip_address_type": "ipv4",
            "lambda_multi_value_headers_enabled": false,
            "load_balancer_arns": [
              "arn:aws:elasticloadbalancing:ap-northeast-2:140023399909:loadbalancer/app/examforge-dev-alb/96baab7c52e693cd"
            ],
            "load_balancing_algorithm_type": "round_robin",
            "load_balancing_anomaly_mitigation": "off",
            "load_balancing_cross_zone_enabled": "use_load_balancer_configuration",
            "name": "examforge-dev-tg",
            "name_prefix": "",
            "port": 3000,
            "preserve_client_ip": null,
            "protocol": "HTTP",
            "protocol_version": "HTTP1",
            "proxy_protocol_v2": false,
            "slow_start": 0,
            "stickiness": [
              {
                "cookie_duration": 86400,
                "cookie_name": "",
                "enabled": false,
                "type": "lb_cookie"
              }
            ],
            "tags": {
              "Environment": "dev",
              "Name": "examforge-dev-tg"
            },
            "tags_all": {
              "Environment": "dev",
              "Name": "examforge-dev-tg"
            },
            "target_failover": [
              {
                "on_deregistration": null,
                "on_unhealthy": null
              }
            ],
            "target_group_health": [
              {
                "dns_failover": [
                  {
                    "minimum_healthy_targets_count": "1",
                    "minimum_healthy_targets_percentage": "off"
                  }
                ],
                "unhealthy_state_routing": [
                  {
                    "minimum_healthy_targets_count": 1,
                    "minimum_healthy_targets_percentage": "off"
                  }
                ]
              }
            ],
            "target_health_state": [
              {
                "enable_unhealthy_connection_termination": null,
                "unhealthy_draining_interval": null
              }
            ],
            "target_type": "ip",
            "vpc_id": "vpc-04822ca6ec54f7c38"
          },
          "sensitive_attributes": [],
          "identity_schema_version": 0,
          "private": "bnVsbA==",
          "dependencies": [
            "module.dev_vpc.aws_vpc.main"
          ]
        }
      ]
    },
    {
      "module": "module.dev_ecs[0]",
      "mode": "managed",
      "type": "aws_security_group",
      "name": "alb",
      "provider": "provider[\"registry.terraform.io/hashicorp/aws\"]",
      "instances": [
        {
          "schema_version": 1,
          "attributes": {
            "arn": "arn:aws:ec2:ap-northeast-2:140023399909:security-group/sg-053337e2e02201cd8",
            "description": "Allows HTTP/HTTPS traffic to the ALB",
            "egress": [
              {
                "cidr_blocks": [
                  "0.0.0.0/0"
                ],
                "description": "",
                "from_port": 0,
                "ipv6_cidr_blocks": [],
                "prefix_list_ids": [],
                "protocol": "-1",
                "security_groups": [],
                "self": false,
                "to_port": 0
              }
            ],
            "id": "sg-053337e2e02201cd8",
            "ingress": [
              {
                "cidr_blocks": [
                  "0.0.0.0/0"
                ],
                "description": "HTTP access from anywhere",
                "from_port": 80,
                "ipv6_cidr_blocks": [],
                "prefix_list_ids": [],
                "protocol": "tcp",
                "security_groups": [],
                "self": false,
                "to_port": 80
              },
              {
                "cidr_blocks": [
                  "0.0.0.0/0"
                ],
                "description": "HTTPS access from anywhere",
                "from_port": 443,
                "ipv6_cidr_blocks": [],
                "prefix_list_ids": [],
                "protocol": "tcp",
                "security_groups": [],
                "self": false,
                "to_port": 443
              }
            ],
            "name": "examforge-dev-alb-sg",
            "name_prefix": "",
            "owner_id": "140023399909",
            "revoke_rules_on_delete": false,
            "tags": {
              "Environment": "dev",
              "Name": "examforge-dev-alb-sg"
            },
            "tags_all": {
              "Environment": "dev",
              "Name": "examforge-dev-alb-sg"
            },
            "timeouts": null,
            "vpc_id": "vpc-04822ca6ec54f7c38"
          },
          "sensitive_attributes": [],
          "identity_schema_version": 0,
          "private": "eyJlMmJmYjczMC1lY2FhLTExZTYtOGY4OC0zNDM2M2JjN2M0YzAiOnsiY3JlYXRlIjo2MDAwMDAwMDAwMDAsImRlbGV0ZSI6OTAwMDAwMDAwMDAwfSwic2NoZW1hX3ZlcnNpb24iOiIxIn0=",
          "dependencies": [
            "module.dev_vpc.aws_vpc.main"
          ]
        }
      ]
    },
    {
      "module": "module.dev_ecs[0]",
      "mode": "managed",
      "type": "aws_security_group",
      "name": "ecs_service",
      "provider": "provider[\"registry.terraform.io/hashicorp/aws\"]",
      "instances": [
        {
          "schema_version": 1,
          "attributes": {
            "arn": "arn:aws:ec2:ap-northeast-2:140023399909:security-group/sg-06b84d77d628424e4",
            "description": "Allows traffic only from ALB to ECS Tasks",
            "egress": [
              {
                "cidr_blocks": [
                  "0.0.0.0/0"
                ],
                "description": "",
                "from_port": 0,
                "ipv6_cidr_blocks": [],
                "prefix_list_ids": [],
                "protocol": "-1",
                "security_groups": [],
                "self": false,
                "to_port": 0
              }
            ],
            "id": "sg-06b84d77d628424e4",
            "ingress": [
              {
                "cidr_blocks": [],
                "description": "Access from ALB",
                "from_port": 3000,
                "ipv6_cidr_blocks": [],
                "prefix_list_ids": [],
                "protocol": "tcp",
                "security_groups": [
                  "sg-053337e2e02201cd8"
                ],
                "self": false,
                "to_port": 3000
              }
            ],
            "name": "examforge-dev-ecs-sg",
            "name_prefix": "",
            "owner_id": "140023399909",
            "revoke_rules_on_delete": false,
            "tags": {
              "Environment": "dev",
              "Name": "examforge-dev-ecs-sg"
            },
            "tags_all": {
              "Environment": "dev",
              "Name": "examforge-dev-ecs-sg"
            },
            "timeouts": null,
            "vpc_id": "vpc-04822ca6ec54f7c38"
          },
          "sensitive_attributes": [],
          "identity_schema_version": 0,
          "private": "eyJlMmJmYjczMC1lY2FhLTExZTYtOGY4OC0zNDM2M2JjN2M0YzAiOnsiY3JlYXRlIjo2MDAwMDAwMDAwMDAsImRlbGV0ZSI6OTAwMDAwMDAwMDAwfSwic2NoZW1hX3ZlcnNpb24iOiIxIn0=",
          "dependencies": [
            "module.dev_ecs.aws_security_group.alb",
            "module.dev_vpc.aws_vpc.main"
          ]
        }
      ]
    },
    {
      "module": "module.dev_vpc[0]",
      "mode": "managed",
      "type": "aws_eip",
      "name": "nat",
      "provider": "provider[\"registry.terraform.io/hashicorp/aws\"]",
      "instances": [
        {
          "index_key": 0,
          "schema_version": 0,
          "attributes": {
            "address": null,
            "allocation_id": "eipalloc-0429b8c9d796a0ea2",
            "arn": "arn:aws:ec2:ap-northeast-2:140023399909:elastic-ip/eipalloc-0429b8c9d796a0ea2",
            "associate_with_private_ip": null,
            "association_id": "eipassoc-039bf20f7d88fa2ca",
            "carrier_ip": "",
            "customer_owned_ip": "",
            "customer_owned_ipv4_pool": "",
            "domain": "vpc",
            "id": "eipalloc-0429b8c9d796a0ea2",
            "instance": "",
            "ipam_pool_id": null,
            "network_border_group": "ap-northeast-2",
            "network_interface": "eni-0fb8ec65fc9c9a405",
            "private_dns": "ip-10-0-1-52.ap-northeast-2.compute.internal",
            "private_ip": "10.0.1.52",
            "ptr_record": "",
            "public_dns": "ec2-15-165-6-252.ap-northeast-2.compute.amazonaws.com",
            "public_ip": "15.165.6.252",
            "public_ipv4_pool": "amazon",
            "tags": {
              "Environment": "dev",
              "Name": "dev-nat-eip-1"
            },
            "tags_all": {
              "Environment": "dev",
              "Name": "dev-nat-eip-1"
            },
            "timeouts": null,
            "vpc": true
          },
          "sensitive_attributes": [],
          "identity_schema_version": 0,
          "private": "eyJlMmJmYjczMC1lY2FhLTExZTYtOGY4OC0zNDM2M2JjN2M0YzAiOnsiZGVsZXRlIjoxODAwMDAwMDAwMDAsInJlYWQiOjkwMDAwMDAwMDAwMCwidXBkYXRlIjozMDAwMDAwMDAwMDB9fQ=="
        },
        {
          "index_key": 1,
          "schema_version": 0,
          "attributes": {
            "address": null,
            "allocation_id": "eipalloc-03c842cb1193eca1d",
            "arn": "arn:aws:ec2:ap-northeast-2:140023399909:elastic-ip/eipalloc-03c842cb1193eca1d",
            "associate_with_private_ip": null,
            "association_id": "eipassoc-0dbc8b966275677ec",
            "carrier_ip": "",
            "customer_owned_ip": "",
            "customer_owned_ipv4_pool": "",
            "domain": "vpc",
            "id": "eipalloc-03c842cb1193eca1d",
            "instance": "",
            "ipam_pool_id": null,
            "network_border_group": "ap-northeast-2",
            "network_interface": "eni-098e4b8a6f808edf5",
            "private_dns": "ip-10-0-2-163.ap-northeast-2.compute.internal",
            "private_ip": "10.0.2.163",
            "ptr_record": "",
            "public_dns": "ec2-43-202-23-8.ap-northeast-2.compute.amazonaws.com",
            "public_ip": "43.202.23.8",
            "public_ipv4_pool": "amazon",
            "tags": {
              "Environment": "dev",
              "Name": "dev-nat-eip-2"
            },
            "tags_all": {
              "Environment": "dev",
              "Name": "dev-nat-eip-2"
            },
            "timeouts": null,
            "vpc": true
          },
          "sensitive_attributes": [],
          "identity_schema_version": 0,
          "private": "eyJlMmJmYjczMC1lY2FhLTExZTYtOGY4OC0zNDM2M2JjN2M0YzAiOnsiZGVsZXRlIjoxODAwMDAwMDAwMDAsInJlYWQiOjkwMDAwMDAwMDAwMCwidXBkYXRlIjozMDAwMDAwMDAwMDB9fQ=="
        }
      ]
    },
    {
      "module": "module.dev_vpc[0]",
      "mode": "managed",
      "type": "aws_internet_gateway",
      "name": "gw",
      "provider": "provider[\"registry.terraform.io/hashicorp/aws\"]",
      "instances": [
        {
          "schema_version": 0,
          "attributes": {
            "arn": "arn:aws:ec2:ap-northeast-2:140023399909:internet-gateway/igw-0dcc54cdd684b5042",
            "id": "igw-0dcc54cdd684b5042",
            "owner_id": "140023399909",
            "tags": {
              "Environment": "dev",
              "Name": "dev-igw"
            },
            "tags_all": {
              "Environment": "dev",
              "Name": "dev-igw"
            },
            "timeouts": null,
            "vpc_id": "vpc-04822ca6ec54f7c38"
          },
          "sensitive_attributes": [],
          "identity_schema_version": 0,
          "private": "eyJlMmJmYjczMC1lY2FhLTExZTYtOGY4OC0zNDM2M2JjN2M0YzAiOnsiY3JlYXRlIjoxMjAwMDAwMDAwMDAwLCJkZWxldGUiOjEyMDAwMDAwMDAwMDAsInVwZGF0ZSI6MTIwMDAwMDAwMDAwMH19",
          "dependencies": [
            "module.dev_vpc.aws_vpc.main"
          ]
        }
      ]
    },
    {
      "module": "module.dev_vpc[0]",
      "mode": "managed",
      "type": "aws_nat_gateway",
      "name": "nat",
      "provider": "provider[\"registry.terraform.io/hashicorp/aws\"]",
      "instances": [
        {
          "index_key": 0,
          "schema_version": 0,
          "attributes": {
            "allocation_id": "eipalloc-0429b8c9d796a0ea2",
            "association_id": "eipassoc-039bf20f7d88fa2ca",
            "connectivity_type": "public",
            "id": "nat-09073437cb2244e00",
            "network_interface_id": "eni-0fb8ec65fc9c9a405",
            "private_ip": "10.0.1.52",
            "public_ip": "15.165.6.252",
            "secondary_allocation_ids": [],
            "secondary_private_ip_address_count": 0,
            "secondary_private_ip_addresses": [],
            "subnet_id": "subnet-0f9476096be92286f",
            "tags": {
              "Environment": "dev",
              "Name": "dev-nat-gw-1"
            },
            "tags_all": {
              "Environment": "dev",
              "Name": "dev-nat-gw-1"
            },
            "timeouts": null
          },
          "sensitive_attributes": [],
          "identity_schema_version": 0,
          "private": "eyJlMmJmYjczMC1lY2FhLTExZTYtOGY4OC0zNDM2M2JjN2M0YzAiOnsiY3JlYXRlIjo2MDAwMDAwMDAwMDAsImRlbGV0ZSI6MTgwMDAwMDAwMDAwMCwidXBkYXRlIjo2MDAwMDAwMDAwMDB9fQ==",
          "dependencies": [
            "module.dev_vpc.aws_eip.nat",
            "module.dev_vpc.aws_internet_gateway.gw",
            "module.dev_vpc.aws_subnet.public",
            "module.dev_vpc.aws_vpc.main"
          ]
        },
        {
          "index_key": 1,
          "schema_version": 0,
          "attributes": {
            "allocation_id": "eipalloc-03c842cb1193eca1d",
            "association_id": "eipassoc-0dbc8b966275677ec",
            "connectivity_type": "public",
            "id": "nat-0714971f1fcd1b2ca",
            "network_interface_id": "eni-098e4b8a6f808edf5",
            "private_ip": "10.0.2.163",
            "public_ip": "43.202.23.8",
            "secondary_allocation_ids": [],
            "secondary_private_ip_address_count": 0,
            "secondary_private_ip_addresses": [],
            "subnet_id": "subnet-031e8bdcf9c67afcd",
            "tags": {
              "Environment": "dev",
              "Name": "dev-nat-gw-2"
            },
            "tags_all": {
              "Environment": "dev",
              "Name": "dev-nat-gw-2"
            },
            "timeouts": null
          },
          "sensitive_attributes": [],
          "identity_schema_version": 0,
          "private": "eyJlMmJmYjczMC1lY2FhLTExZTYtOGY4OC0zNDM2M2JjN2M0YzAiOnsiY3JlYXRlIjo2MDAwMDAwMDAwMDAsImRlbGV0ZSI6MTgwMDAwMDAwMDAwMCwidXBkYXRlIjo2MDAwMDAwMDAwMDB9fQ==",
          "dependencies": [
            "module.dev_vpc.aws_eip.nat",
            "module.dev_vpc.aws_internet_gateway.gw",
            "module.dev_vpc.aws_subnet.public",
            "module.dev_vpc.aws_vpc.main"
          ]
        }
      ]
    },
    {
      "module": "module.dev_vpc[0]",
      "mode": "managed",
      "type": "aws_route_table",
      "name": "private",
      "provider": "provider[\"registry.terraform.io/hashicorp/aws\"]",
      "instances": [
        {
          "index_key": 0,
          "schema_version": 0,
          "attributes": {
            "arn": "arn:aws:ec2:ap-northeast-2:140023399909:route-table/rtb-0ddd0383b5b457636",
            "id": "rtb-0ddd0383b5b457636",
            "owner_id": "140023399909",
            "propagating_vgws": [],
            "route": [
              {
                "carrier_gateway_id": "",
                "cidr_block": "0.0.0.0/0",
                "core_network_arn": "",
                "destination_prefix_list_id": "",
                "egress_only_gateway_id": "",
                "gateway_id": "",
                "ipv6_cidr_block": "",
                "local_gateway_id": "",
                "nat_gateway_id": "nat-09073437cb2244e00",
                "network_interface_id": "",
                "transit_gateway_id": "",
                "vpc_endpoint_id": "",
                "vpc_peering_connection_id": ""
              }
            ],
            "tags": {
              "Environment": "dev",
              "Name": "dev-private-rt-1"
            },
            "tags_all": {
              "Environment": "dev",
              "Name": "dev-private-rt-1"
            },
            "timeouts": null,
            "vpc_id": "vpc-04822ca6ec54f7c38"
          },
          "sensitive_attributes": [],
          "identity_schema_version": 0,
          "private": "eyJlMmJmYjczMC1lY2FhLTExZTYtOGY4OC0zNDM2M2JjN2M0YzAiOnsiY3JlYXRlIjozMDAwMDAwMDAwMDAsImRlbGV0ZSI6MzAwMDAwMDAwMDAwLCJ1cGRhdGUiOjEyMDAwMDAwMDAwMH19",
          "dependencies": [
            "module.dev_vpc.aws_eip.nat",
            "module.dev_vpc.aws_internet_gateway.gw",
            "module.dev_vpc.aws_nat_gateway.nat",
            "module.dev_vpc.aws_subnet.public",
            "module.dev_vpc.aws_vpc.main"
          ]
        },
        {
          "index_key": 1,
          "schema_version": 0,
          "attributes": {
            "arn": "arn:aws:ec2:ap-northeast-2:140023399909:route-table/rtb-019a6133665132ea5",
            "id": "rtb-019a6133665132ea5",
            "owner_id": "140023399909",
            "propagating_vgws": [],
            "route": [
              {
                "carrier_gateway_id": "",
                "cidr_block": "0.0.0.0/0",
                "core_network_arn": "",
                "destination_prefix_list_id": "",
                "egress_only_gateway_id": "",
                "gateway_id": "",
                "ipv6_cidr_block": "",
                "local_gateway_id": "",
                "nat_gateway_id": "nat-0714971f1fcd1b2ca",
                "network_interface_id": "",
                "transit_gateway_id": "",
                "vpc_endpoint_id": "",
                "vpc_peering_connection_id": ""
              }
            ],
            "tags": {
              "Environment": "dev",
              "Name": "dev-private-rt-2"
            },
            "tags_all": {
              "Environment": "dev",
              "Name": "dev-private-rt-2"
            },
            "timeouts": null,
            "vpc_id": "vpc-04822ca6ec54f7c38"
          },
          "sensitive_attributes": [],
          "identity_schema_version": 0,
          "private": "eyJlMmJmYjczMC1lY2FhLTExZTYtOGY4OC0zNDM2M2JjN2M0YzAiOnsiY3JlYXRlIjozMDAwMDAwMDAwMDAsImRlbGV0ZSI6MzAwMDAwMDAwMDAwLCJ1cGRhdGUiOjEyMDAwMDAwMDAwMH19",
          "dependencies": [
            "module.dev_vpc.aws_eip.nat",
            "module.dev_vpc.aws_internet_gateway.gw",
            "module.dev_vpc.aws_nat_gateway.nat",
            "module.dev_vpc.aws_subnet.public",
            "module.dev_vpc.aws_vpc.main"
          ]
        }
      ]
    },
    {
      "module": "module.dev_vpc[0]",
      "mode": "managed",
      "type": "aws_route_table",
      "name": "public",
      "provider": "provider[\"registry.terraform.io/hashicorp/aws\"]",
      "instances": [
        {
          "schema_version": 0,
          "attributes": {
            "arn": "arn:aws:ec2:ap-northeast-2:140023399909:route-table/rtb-0f6df21d90c132755",
            "id": "rtb-0f6df21d90c132755",
            "owner_id": "140023399909",
            "propagating_vgws": [],
            "route": [
              {
                "carrier_gateway_id": "",
                "cidr_block": "0.0.0.0/0",
                "core_network_arn": "",
                "destination_prefix_list_id": "",
                "egress_only_gateway_id": "",
                "gateway_id": "igw-0dcc54cdd684b5042",
                "ipv6_cidr_block": "",
                "local_gateway_id": "",
                "nat_gateway_id": "",
                "network_interface_id": "",
                "transit_gateway_id": "",
                "vpc_endpoint_id": "",
                "vpc_peering_connection_id": ""
              }
            ],
            "tags": {
              "Environment": "dev",
              "Name": "dev-public-rt"
            },
            "tags_all": {
              "Environment": "dev",
              "Name": "dev-public-rt"
            },
            "timeouts": null,
            "vpc_id": "vpc-04822ca6ec54f7c38"
          },
          "sensitive_attributes": [],
          "identity_schema_version": 0,
          "private": "eyJlMmJmYjczMC1lY2FhLTExZTYtOGY4OC0zNDM2M2JjN2M0YzAiOnsiY3JlYXRlIjozMDAwMDAwMDAwMDAsImRlbGV0ZSI6MzAwMDAwMDAwMDAwLCJ1cGRhdGUiOjEyMDAwMDAwMDAwMH19",
          "dependencies": [
            "module.dev_vpc.aws_internet_gateway.gw",
            "module.dev_vpc.aws_vpc.main"
          ]
        }
      ]
    },
    {
      "module": "module.dev_vpc[0]",
      "mode": "managed",
      "type": "aws_route_table_association",
      "name": "private",
      "provider": "provider[\"registry.terraform.io/hashicorp/aws\"]",
      "instances": [
        {
          "index_key": 0,
          "schema_version": 0,
          "attributes": {
            "gateway_id": "",
            "id": "rtbassoc-0b504495bbacda1b5",
            "route_table_id": "rtb-0ddd0383b5b457636",
            "subnet_id": "subnet-0f53c522448a085eb",
            "timeouts": null
          },
          "sensitive_attributes": [],
          "identity_schema_version": 0,
          "private": "eyJlMmJmYjczMC1lY2FhLTExZTYtOGY4OC0zNDM2M2JjN2M0YzAiOnsiY3JlYXRlIjozMDAwMDAwMDAwMDAsImRlbGV0ZSI6MzAwMDAwMDAwMDAwLCJ1cGRhdGUiOjEyMDAwMDAwMDAwMH19",
          "dependencies": [
            "module.dev_vpc.aws_eip.nat",
            "module.dev_vpc.aws_internet_gateway.gw",
            "module.dev_vpc.aws_nat_gateway.nat",
            "module.dev_vpc.aws_route_table.private",
            "module.dev_vpc.aws_subnet.private",
            "module.dev_vpc.aws_subnet.public",
            "module.dev_vpc.aws_vpc.main"
          ]
        },
        {
          "index_key": 1,
          "schema_version": 0,
          "attributes": {
            "gateway_id": "",
            "id": "rtbassoc-0421dcc325e685c87",
            "route_table_id": "rtb-019a6133665132ea5",
            "subnet_id": "subnet-066201e844089b2b7",
            "timeouts": null
          },
          "sensitive_attributes": [],
          "identity_schema_version": 0,
          "private": "eyJlMmJmYjczMC1lY2FhLTExZTYtOGY4OC0zNDM2M2JjN2M0YzAiOnsiY3JlYXRlIjozMDAwMDAwMDAwMDAsImRlbGV0ZSI6MzAwMDAwMDAwMDAwLCJ1cGRhdGUiOjEyMDAwMDAwMDAwMH19",
          "dependencies": [
            "module.dev_vpc.aws_eip.nat",
            "module.dev_vpc.aws_internet_gateway.gw",
            "module.dev_vpc.aws_nat_gateway.nat",
            "module.dev_vpc.aws_route_table.private",
            "module.dev_vpc.aws_subnet.private",
            "module.dev_vpc.aws_subnet.public",
            "module.dev_vpc.aws_vpc.main"
          ]
        }
      ]
    },
    {
      "module": "module.dev_vpc[0]",
      "mode": "managed",
      "type": "aws_route_table_association",
      "name": "public",
      "provider": "provider[\"registry.terraform.io/hashicorp/aws\"]",
      "instances": [
        {
          "index_key": 0,
          "schema_version": 0,
          "attributes": {
            "gateway_id": "",
            "id": "rtbassoc-0d27cf52b3b64bb6c",
            "route_table_id": "rtb-0f6df21d90c132755",
            "subnet_id": "subnet-0f9476096be92286f",
            "timeouts": null
          },
          "sensitive_attributes": [],
          "identity_schema_version": 0,
          "private": "eyJlMmJmYjczMC1lY2FhLTExZTYtOGY4OC0zNDM2M2JjN2M0YzAiOnsiY3JlYXRlIjozMDAwMDAwMDAwMDAsImRlbGV0ZSI6MzAwMDAwMDAwMDAwLCJ1cGRhdGUiOjEyMDAwMDAwMDAwMH19",
          "dependencies": [
            "module.dev_vpc.aws_internet_gateway.gw",
            "module.dev_vpc.aws_route_table.public",
            "module.dev_vpc.aws_subnet.public",
            "module.dev_vpc.aws_vpc.main"
          ]
        },
        {
          "index_key": 1,
          "schema_version": 0,
          "attributes": {
            "gateway_id": "",
            "id": "rtbassoc-0e5b389b8b81f7192",
            "route_table_id": "rtb-0f6df21d90c132755",
            "subnet_id": "subnet-031e8bdcf9c67afcd",
            "timeouts": null
          },
          "sensitive_attributes": [],
          "identity_schema_version": 0,
          "private": "eyJlMmJmYjczMC1lY2FhLTExZTYtOGY4OC0zNDM2M2JjN2M0YzAiOnsiY3JlYXRlIjozMDAwMDAwMDAwMDAsImRlbGV0ZSI6MzAwMDAwMDAwMDAwLCJ1cGRhdGUiOjEyMDAwMDAwMDAwMH19",
          "dependencies": [
            "module.dev_vpc.aws_internet_gateway.gw",
            "module.dev_vpc.aws_route_table.public",
            "module.dev_vpc.aws_subnet.public",
            "module.dev_vpc.aws_vpc.main"
          ]
        }
      ]
    },
    {
      "module": "module.dev_vpc[0]",
      "mode": "managed",
      "type": "aws_subnet",
      "name": "private",
      "provider": "provider[\"registry.terraform.io/hashicorp/aws\"]",
      "instances": [
        {
          "index_key": 0,
          "schema_version": 1,
          "attributes": {
            "arn": "arn:aws:ec2:ap-northeast-2:140023399909:subnet/subnet-0f53c522448a085eb",
            "assign_ipv6_address_on_creation": false,
            "availability_zone": "ap-northeast-2a",
            "availability_zone_id": "apne2-az1",
            "cidr_block": "10.0.11.0/24",
            "customer_owned_ipv4_pool": "",
            "enable_dns64": false,
            "enable_lni_at_device_index": 0,
            "enable_resource_name_dns_a_record_on_launch": false,
            "enable_resource_name_dns_aaaa_record_on_launch": false,
            "id": "subnet-0f53c522448a085eb",
            "ipv6_cidr_block": "",
            "ipv6_cidr_block_association_id": "",
            "ipv6_native": false,
            "map_customer_owned_ip_on_launch": false,
            "map_public_ip_on_launch": false,
            "outpost_arn": "",
            "owner_id": "140023399909",
            "private_dns_hostname_type_on_launch": "ip-name",
            "tags": {
              "Environment": "dev",
              "Name": "dev-private-subnet-1"
            },
            "tags_all": {
              "Environment": "dev",
              "Name": "dev-private-subnet-1"
            },
            "timeouts": null,
            "vpc_id": "vpc-04822ca6ec54f7c38"
          },
          "sensitive_attributes": [],
          "identity_schema_version": 0,
          "private": "eyJlMmJmYjczMC1lY2FhLTExZTYtOGY4OC0zNDM2M2JjN2M0YzAiOnsiY3JlYXRlIjo2MDAwMDAwMDAwMDAsImRlbGV0ZSI6MTIwMDAwMDAwMDAwMH0sInNjaGVtYV92ZXJzaW9uIjoiMSJ9",
          "dependencies": [
            "module.dev_vpc.aws_vpc.main"
          ]
        },
        {
          "index_key": 1,
          "schema_version": 1,
          "attributes": {
            "arn": "arn:aws:ec2:ap-northeast-2:140023399909:subnet/subnet-066201e844089b2b7",
            "assign_ipv6_address_on_creation": false,
            "availability_zone": "ap-northeast-2c",
            "availability_zone_id": "apne2-az3",
            "cidr_block": "10.0.12.0/24",
            "customer_owned_ipv4_pool": "",
            "enable_dns64": false,
            "enable_lni_at_device_index": 0,
            "enable_resource_name_dns_a_record_on_launch": false,
            "enable_resource_name_dns_aaaa_record_on_launch": false,
            "id": "subnet-066201e844089b2b7",
            "ipv6_cidr_block": "",
            "ipv6_cidr_block_association_id": "",
            "ipv6_native": false,
            "map_customer_owned_ip_on_launch": false,
            "map_public_ip_on_launch": false,
            "outpost_arn": "",
            "owner_id": "140023399909",
            "private_dns_hostname_type_on_launch": "ip-name",
            "tags": {
              "Environment": "dev",
              "Name": "dev-private-subnet-2"
            },
            "tags_all": {
              "Environment": "dev",
              "Name": "dev-private-subnet-2"
            },
            "timeouts": null,
            "vpc_id": "vpc-04822ca6ec54f7c38"
          },
          "sensitive_attributes": [],
          "identity_schema_version": 0,
          "private": "eyJlMmJmYjczMC1lY2FhLTExZTYtOGY4OC0zNDM2M2JjN2M0YzAiOnsiY3JlYXRlIjo2MDAwMDAwMDAwMDAsImRlbGV0ZSI6MTIwMDAwMDAwMDAwMH0sInNjaGVtYV92ZXJzaW9uIjoiMSJ9",
          "dependencies": [
            "module.dev_vpc.aws_vpc.main"
          ]
        }
      ]
    },
    {
      "module": "module.dev_vpc[0]",
      "mode": "managed",
      "type": "aws_subnet",
      "name": "public",
      "provider": "provider[\"registry.terraform.io/hashicorp/aws\"]",
      "instances": [
        {
          "index_key": 0,
          "schema_version": 1,
          "attributes": {
            "arn": "arn:aws:ec2:ap-northeast-2:140023399909:subnet/subnet-0f9476096be92286f",
            "assign_ipv6_address_on_creation": false,
            "availability_zone": "ap-northeast-2a",
            "availability_zone_id": "apne2-az1",
            "cidr_block": "10.0.1.0/24",
            "customer_owned_ipv4_pool": "",
            "enable_dns64": false,
            "enable_lni_at_device_index": 0,
            "enable_resource_name_dns_a_record_on_launch": false,
            "enable_resource_name_dns_aaaa_record_on_launch": false,
            "id": "subnet-0f9476096be92286f",
            "ipv6_cidr_block": "",
            "ipv6_cidr_block_association_id": "",
            "ipv6_native": false,
            "map_customer_owned_ip_on_launch": false,
            "map_public_ip_on_launch": true,
            "outpost_arn": "",
            "owner_id": "140023399909",
            "private_dns_hostname_type_on_launch": "ip-name",
            "tags": {
              "Environment": "dev",
              "Name": "dev-public-subnet-1"
            },
            "tags_all": {
              "Environment": "dev",
              "Name": "dev-public-subnet-1"
            },
            "timeouts": null,
            "vpc_id": "vpc-04822ca6ec54f7c38"
          },
          "sensitive_attributes": [],
          "identity_schema_version": 0,
          "private": "eyJlMmJmYjczMC1lY2FhLTExZTYtOGY4OC0zNDM2M2JjN2M0YzAiOnsiY3JlYXRlIjo2MDAwMDAwMDAwMDAsImRlbGV0ZSI6MTIwMDAwMDAwMDAwMH0sInNjaGVtYV92ZXJzaW9uIjoiMSJ9",
          "dependencies": [
            "module.dev_vpc.aws_vpc.main"
          ]
        },
        {
          "index_key": 1,
          "schema_version": 1,
          "attributes": {
            "arn": "arn:aws:ec2:ap-northeast-2:140023399909:subnet/subnet-031e8bdcf9c67afcd",
            "assign_ipv6_address_on_creation": false,
            "availability_zone": "ap-northeast-2c",
            "availability_zone_id": "apne2-az3",
            "cidr_block": "10.0.2.0/24",
            "customer_owned_ipv4_pool": "",
            "enable_dns64": false,
            "enable_lni_at_device_index": 0,
            "enable_resource_name_dns_a_record_on_launch": false,
            "enable_resource_name_dns_aaaa_record_on_launch": false,
            "id": "subnet-031e8bdcf9c67afcd",
            "ipv6_cidr_block": "",
            "ipv6_cidr_block_association_id": "",
            "ipv6_native": false,
            "map_customer_owned_ip_on_launch": false,
            "map_public_ip_on_launch": true,
            "outpost_arn": "",
            "owner_id": "140023399909",
            "private_dns_hostname_type_on_launch": "ip-name",
            "tags": {
              "Environment": "dev",
              "Name": "dev-public-subnet-2"
            },
            "tags_all": {
              "Environment": "dev",
              "Name": "dev-public-subnet-2"
            },
            "timeouts": null,
            "vpc_id": "vpc-04822ca6ec54f7c38"
          },
          "sensitive_attributes": [],
          "identity_schema_version": 0,
          "private": "eyJlMmJmYjczMC1lY2FhLTExZTYtOGY4OC0zNDM2M2JjN2M0YzAiOnsiY3JlYXRlIjo2MDAwMDAwMDAwMDAsImRlbGV0ZSI6MTIwMDAwMDAwMDAwMH0sInNjaGVtYV92ZXJzaW9uIjoiMSJ9",
          "dependencies": [
            "module.dev_vpc.aws_vpc.main"
          ]
        }
      ]
    },
    {
      "module": "module.dev_vpc[0]",
      "mode": "managed",
      "type": "aws_vpc",
      "name": "main",
      "provider": "provider[\"registry.terraform.io/hashicorp/aws\"]",
      "instances": [
        {
          "schema_version": 1,
          "attributes": {
            "arn": "arn:aws:ec2:ap-northeast-2:140023399909:vpc/vpc-04822ca6ec54f7c38",
            "assign_generated_ipv6_cidr_block": false,
            "cidr_block": "10.0.0.0/16",
            "default_network_acl_id": "acl-029a7555d2c39add8",
            "default_route_table_id": "rtb-0e88cfb2fe1426aa9",
            "default_security_group_id": "sg-0e8d9e259452673ab",
            "dhcp_options_id": "dopt-0fcde9fcbe4bcb833",
            "enable_dns_hostnames": true,
            "enable_dns_support": true,
            "enable_network_address_usage_metrics": false,
            "id": "vpc-04822ca6ec54f7c38",
            "instance_tenancy": "default",
            "ipv4_ipam_pool_id": null,
            "ipv4_netmask_length": null,
            "ipv6_association_id": "",
            "ipv6_cidr_block": "",
            "ipv6_cidr_block_network_border_group": "",
            "ipv6_ipam_pool_id": "",
            "ipv6_netmask_length": 0,
            "main_route_table_id": "rtb-0e88cfb2fe1426aa9",
            "owner_id": "140023399909",
            "tags": {
              "Environment": "dev",
              "Name": "dev-vpc"
            },
            "tags_all": {
              "Environment": "dev",
              "Name": "dev-vpc"
            }
          },
          "sensitive_attributes": [],
          "identity_schema_version": 0,
          "private": "eyJzY2hlbWFfdmVyc2lvbiI6IjEifQ=="
        }
      ]
    },
    {
      "module": "module.static_site",
      "mode": "data",
      "type": "aws_iam_policy_document",
      "name": "frontend_policy",
      "provider": "provider[\"registry.terraform.io/hashicorp/aws\"]",
      "instances": [
        {
          "schema_version": 0,
          "attributes": {
            "id": "2707480169",
            "json": "{\n  \"Version\": \"2012-10-17\",\n  \"Statement\": [\n    {\n      \"Effect\": \"Allow\",\n      \"Action\": \"s3:GetObject\",\n      \"Resource\": \"arn:aws:s3:::examforge-frontend-dev/*\",\n      \"Principal\": \"*\"\n    }\n  ]\n}",
            "minified_json": "{\"Version\":\"2012-10-17\",\"Statement\":[{\"Effect\":\"Allow\",\"Action\":\"s3:GetObject\",\"Resource\":\"arn:aws:s3:::examforge-frontend-dev/*\",\"Principal\":\"*\"}]}",
            "override_json": null,
            "override_policy_documents": null,
            "policy_id": null,
            "source_json": null,
            "source_policy_documents": null,
            "statement": [
              {
                "actions": [
                  "s3:GetObject"
                ],
                "condition": [],
                "effect": "Allow",
                "not_actions": [],
                "not_principals": [],
                "not_resources": [],
                "principals": [
                  {
                    "identifiers": [
                      "*"
                    ],
                    "type": "*"
                  }
                ],
                "resources": [
                  "arn:aws:s3:::examforge-frontend-dev/*"
                ],
                "sid": ""
              }
            ],
            "version": "2012-10-17"
          },
          "sensitive_attributes": [],
          "identity_schema_version": 0
        }
      ]
    },
    {
      "module": "module.static_site",
      "mode": "managed",
      "type": "aws_s3_bucket",
      "name": "frontend_bucket",
      "provider": "provider[\"registry.terraform.io/hashicorp/aws\"]",
      "instances": [
        {
          "schema_version": 0,
          "attributes": {
            "acceleration_status": "",
            "acl": null,
            "arn": "arn:aws:s3:::examforge-frontend-dev",
            "bucket": "examforge-frontend-dev",
            "bucket_domain_name": "examforge-frontend-dev.s3.amazonaws.com",
            "bucket_prefix": "",
            "bucket_regional_domain_name": "examforge-frontend-dev.s3.ap-northeast-2.amazonaws.com",
            "cors_rule": [],
            "force_destroy": false,
            "grant": [
              {
                "id": "28352ba6bf7a694e9f03d085be175bfa27c0e0ac92809e315f3ae99d0ac9792c",
                "permissions": [
                  "FULL_CONTROL"
                ],
                "type": "CanonicalUser",
                "uri": ""
              }
            ],
            "hosted_zone_id": "Z3W03O7B5YMIYP",
            "id": "examforge-frontend-dev",
            "lifecycle_rule": [],
            "logging": [],
            "object_lock_configuration": [],
            "object_lock_enabled": false,
            "policy": "{\"Statement\":[{\"Action\":\"s3:GetObject\",\"Effect\":\"Allow\",\"Principal\":\"*\",\"Resource\":\"arn:aws:s3:::examforge-frontend-dev/*\"}],\"Version\":\"2012-10-17\"}",
            "region": "ap-northeast-2",
            "replication_configuration": [],
            "request_payer": "BucketOwner",
            "server_side_encryption_configuration": [
              {
                "rule": [
                  {
                    "apply_server_side_encryption_by_default": [
                      {
                        "kms_master_key_id": "",
                        "sse_algorithm": "AES256"
                      }
                    ],
                    "bucket_key_enabled": false
                  }
                ]
              }
            ],
            "tags": {
              "Name": "examforge-frontend-dev"
            },
            "tags_all": {
              "Name": "examforge-frontend-dev"
            },
            "timeouts": null,
            "versioning": [
              {
                "enabled": false,
                "mfa_delete": false
              }
            ],
            "website": [
              {
                "error_document": "index.html",
                "index_document": "index.html",
                "redirect_all_requests_to": "",
                "routing_rules": ""
              }
            ],
            "website_domain": "s3-website.ap-northeast-2.amazonaws.com",
            "website_endpoint": "examforge-frontend-dev.s3-website.ap-northeast-2.amazonaws.com"
          },
          "sensitive_attributes": [],
          "identity_schema_version": 0,
          "private": "eyJlMmJmYjczMC1lY2FhLTExZTYtOGY4OC0zNDM2M2JjN2M0YzAiOnsiY3JlYXRlIjoxMjAwMDAwMDAwMDAwLCJkZWxldGUiOjM2MDAwMDAwMDAwMDAsInJlYWQiOjEyMDAwMDAwMDAwMDAsInVwZGF0ZSI6MTIwMDAwMDAwMDAwMH19"
        }
      ]
    },
    {
      "module": "module.static_site",
      "mode": "managed",
      "type": "aws_s3_bucket_policy",
      "name": "frontend_bucket_policy",
      "provider": "provider[\"registry.terraform.io/hashicorp/aws\"]",
      "instances": [
        {
          "schema_version": 0,
          "attributes": {
            "bucket": "examforge-frontend-dev",
            "id": "examforge-frontend-dev",
            "policy": "{\"Statement\":[{\"Action\":\"s3:GetObject\",\"Effect\":\"Allow\",\"Principal\":\"*\",\"Resource\":\"arn:aws:s3:::examforge-frontend-dev/*\"}],\"Version\":\"2012-10-17\"}"
          },
          "sensitive_attributes": [],
          "identity_schema_version": 0,
          "private": "bnVsbA==",
          "dependencies": [
            "module.static_site.aws_s3_bucket.frontend_bucket",
            "module.static_site.data.aws_iam_policy_document.frontend_policy"
          ]
        }
      ]
    },
    {
      "module": "module.static_site",
      "mode": "managed",
      "type": "aws_s3_bucket_public_access_block",
      "name": "frontend_public_access",
      "provider": "provider[\"registry.terraform.io/hashicorp/aws\"]",
      "instances": [
        {
          "schema_version": 0,
          "attributes": {
            "block_public_acls": false,
            "block_public_policy": false,
            "bucket": "examforge-frontend-dev",
            "id": "examforge-frontend-dev",
            "ignore_public_acls": false,
            "restrict_public_buckets": false
          },
          "sensitive_attributes": [],
          "identity_schema_version": 0,
          "private": "bnVsbA==",
          "dependencies": [
            "module.static_site.aws_s3_bucket.frontend_bucket"
          ]
        }
      ]
    },
    {
      "module": "module.static_site",
      "mode": "managed",
      "type": "aws_s3_bucket_website_configuration",
      "name": "frontend_website",
      "provider": "provider[\"registry.terraform.io/hashicorp/aws\"]",
      "instances": [
        {
          "schema_version": 0,
          "attributes": {
            "bucket": "examforge-frontend-dev",
            "error_document": [
              {
                "key": "index.html"
              }
            ],
            "expected_bucket_owner": "",
            "id": "examforge-frontend-dev",
            "index_document": [
              {
                "suffix": "index.html"
              }
            ],
            "redirect_all_requests_to": [],
            "routing_rule": [],
            "routing_rules": "",
            "website_domain": "s3-website.ap-northeast-2.amazonaws.com",
            "website_endpoint": "examforge-frontend-dev.s3-website.ap-northeast-2.amazonaws.com"
          },
          "sensitive_attributes": [],
          "identity_schema_version": 0,
          "private": "bnVsbA==",
          "dependencies": [
            "module.static_site.aws_s3_bucket.frontend_bucket"
          ]
        }
      ]
    }
  ],
  "check_results": null
}
